
Microsoft Visual Studio Solution File, Format Version 12.00
# Visual Studio Version 17
VisualStudioVersion = 17.5.002.0
MinimumVisualStudioVersion = 10.0.40219.1
Project("{FAE04EC0-301F-11D3-BF4B-00C04F79EFBC}") = "ThreeAmigos", "ProductApi\ThreeAmigos.csproj", "{7A3D8B38-667F-4002-8222-F20481795EEF}"
EndProject
Project("{2150E333-8FDC-42A3-9474-1A3956D46DE8}") = "ProductApi", "ProductApi", "{8854AB3F-610E-4224-9AAB-8BD02F3F4812}"
EndProject
Project("{FAE04EC0-301F-11D3-BF4B-00C04F79EFBC}") = "Test", "ProductApi\UnitTests\Test.csproj", "{23F7A13E-810F-4542-95AB-A2ADAAA1ACC2}"
EndProject
Global
	GlobalSection(SolutionProperties) = preSolution
		HideSolutionNode = FALSE
	EndGlobalSection
	GlobalSection(ExtensibilityGlobals) = postSolution
		SolutionGuid = {E0B6430D-5561-4F49-9137-687E31E000A4}
	EndGlobalSection
	GlobalSection(SolutionConfigurationPlatforms) = preSolution
		Debug|Any CPU = Debug|Any CPU
		Debug|x64 = Debug|x64
		Debug|x86 = Debug|x86
		Release|Any CPU = Release|Any CPU
		Release|x64 = Release|x64
		Release|x86 = Release|x86
	EndGlobalSection
	GlobalSection(ProjectConfigurationPlatforms) = postSolution
		{7A3D8B38-667F-4002-8222-F20481795EEF}.Debug|Any CPU.ActiveCfg = Debug|Any CPU
		{7A3D8B38-667F-4002-8222-F20481795EEF}.Debug|Any CPU.Build.0 = Debug|Any CPU
		{7A3D8B38-667F-4002-8222-F20481795EEF}.Debug|x64.ActiveCfg = Debug|Any CPU
		{7A3D8B38-667F-4002-8222-F20481795EEF}.Debug|x64.Build.0 = Debug|Any CPU
		{7A3D8B38-667F-4002-8222-F20481795EEF}.Debug|x86.ActiveCfg = Debug|Any CPU
		{7A3D8B38-667F-4002-8222-F20481795EEF}.Debug|x86.Build.0 = Debug|Any CPU
		{7A3D8B38-667F-4002-8222-F20481795EEF}.Release|Any CPU.ActiveCfg = Release|Any CPU
		{7A3D8B38-667F-4002-8222-F20481795EEF}.Release|Any CPU.Build.0 = Release|Any CPU
		{7A3D8B38-667F-4002-8222-F20481795EEF}.Release|x64.ActiveCfg = Release|Any CPU
		{7A3D8B38-667F-4002-8222-F20481795EEF}.Release|x64.Build.0 = Release|Any CPU
		{7A3D8B38-667F-4002-8222-F20481795EEF}.Release|x86.ActiveCfg = Release|Any CPU
		{7A3D8B38-667F-4002-8222-F20481795EEF}.Release|x86.Build.0 = Release|Any CPU
		{23F7A13E-810F-4542-95AB-A2ADAAA1ACC2}.Debug|Any CPU.ActiveCfg = Debug|Any CPU
		{23F7A13E-810F-4542-95AB-A2ADAAA1ACC2}.Debug|Any CPU.Build.0 = Debug|Any CPU
		{23F7A13E-810F-4542-95AB-A2ADAAA1ACC2}.Debug|x64.ActiveCfg = Debug|Any CPU
		{23F7A13E-810F-4542-95AB-A2ADAAA1ACC2}.Debug|x64.Build.0 = Debug|Any CPU
		{23F7A13E-810F-4542-95AB-A2ADAAA1ACC2}.Debug|x86.ActiveCfg = Debug|Any CPU
		{23F7A13E-810F-4542-95AB-A2ADAAA1ACC2}.Debug|x86.Build.0 = Debug|Any CPU
		{23F7A13E-810F-4542-95AB-A2ADAAA1ACC2}.Release|Any CPU.ActiveCfg = Release|Any CPU
		{23F7A13E-810F-4542-95AB-A2ADAAA1ACC2}.Release|Any CPU.Build.0 = Release|Any CPU
		{23F7A13E-810F-4542-95AB-A2ADAAA1ACC2}.Release|x64.ActiveCfg = Release|Any CPU
		{23F7A13E-810F-4542-95AB-A2ADAAA1ACC2}.Release|x64.Build.0 = Release|Any CPU
		{23F7A13E-810F-4542-95AB-A2ADAAA1ACC2}.Release|x86.ActiveCfg = Release|Any CPU
		{23F7A13E-810F-4542-95AB-A2ADAAA1ACC2}.Release|x86.Build.0 = Release|Any CPU
	EndGlobalSection
	GlobalSection(NestedProjects) = preSolution
		{23F7A13E-810F-4542-95AB-A2ADAAA1ACC2} = {8854AB3F-610E-4224-9AAB-8BD02F3F4812}
	EndGlobalSection
EndGlobal
